
Microsoft Visual Studio Solution File, Format Version 12.00
Project("{FAE04EC0-301F-11D3-BF4B-00C04F79EFBC}") = "Place3.TelegramBot", "Place3.TelegramBot\Place3.TelegramBot.csproj", "{8CC6909E-F699-4318-B921-12E87B7D3180}"
EndProject
Project("{FAE04EC0-301F-11D3-BF4B-00C04F79EFBC}") = "Place3.AppHost", "Place3.AppHost\Place3.AppHost.csproj", "{E69CDF15-2CAF-49CF-AAB8-9D8B6CBEF332}"
EndProject
Project("{FAE04EC0-301F-11D3-BF4B-00C04F79EFBC}") = "Place3.ServiceDefaults", "Place3.ServiceDefaults\Place3.ServiceDefaults.csproj", "{EEF046CF-366A-4614-B456-5282CA07509C}"
EndProject
Global
	GlobalSection(SolutionConfigurationPlatforms) = preSolution
		Debug|Any CPU = Debug|Any CPU
		Release|Any CPU = Release|Any CPU
	EndGlobalSection
	GlobalSection(ProjectConfigurationPlatforms) = postSolution
		{8CC6909E-F699-4318-B921-12E87B7D3180}.Debug|Any CPU.ActiveCfg = Debug|Any CPU
		{8CC6909E-F699-4318-B921-12E87B7D3180}.Debug|Any CPU.Build.0 = Debug|Any CPU
		{8CC6909E-F699-4318-B921-12E87B7D3180}.Release|Any CPU.ActiveCfg = Release|Any CPU
		{8CC6909E-F699-4318-B921-12E87B7D3180}.Release|Any CPU.Build.0 = Release|Any CPU
		{E69CDF15-2CAF-49CF-AAB8-9D8B6CBEF332}.Debug|Any CPU.ActiveCfg = Debug|Any CPU
		{E69CDF15-2CAF-49CF-AAB8-9D8B6CBEF332}.Debug|Any CPU.Build.0 = Debug|Any CPU
		{E69CDF15-2CAF-49CF-AAB8-9D8B6CBEF332}.Release|Any CPU.ActiveCfg = Release|Any CPU
		{E69CDF15-2CAF-49CF-AAB8-9D8B6CBEF332}.Release|Any CPU.Build.0 = Release|Any CPU
		{EEF046CF-366A-4614-B456-5282CA07509C}.Debug|Any CPU.ActiveCfg = Debug|Any CPU
		{EEF046CF-366A-4614-B456-5282CA07509C}.Debug|Any CPU.Build.0 = Debug|Any CPU
		{EEF046CF-366A-4614-B456-5282CA07509C}.Release|Any CPU.ActiveCfg = Release|Any CPU
		{EEF046CF-366A-4614-B456-5282CA07509C}.Release|Any CPU.Build.0 = Release|Any CPU
	EndGlobalSection
EndGlobal
